
Microsoft Visual Studio Solution File, Format Version 12.00
# Visual Studio Version 17
VisualStudioVersion = 17.3.32929.385
MinimumVisualStudioVersion = 10.0.40219.1
Project("{FAE04EC0-301F-11D3-BF4B-00C04F79EFBC}") = "ToDoApi", "ToDoApi\ToDoApi.csproj", "{EC2B34C3-61CA-4466-8981-F356E0AA2F13}"
EndProject
Global
	GlobalSection(SolutionConfigurationPlatforms) = preSolution
		Debug|Any CPU = Debug|Any CPU
		Release|Any CPU = Release|Any CPU
	EndGlobalSection
	GlobalSection(ProjectConfigurationPlatforms) = postSolution
		{EC2B34C3-61CA-4466-8981-F356E0AA2F13}.Debug|Any CPU.ActiveCfg = Debug|Any CPU
		{EC2B34C3-61CA-4466-8981-F356E0AA2F13}.Debug|Any CPU.Build.0 = Debug|Any CPU
		{EC2B34C3-61CA-4466-8981-F356E0AA2F13}.Release|Any CPU.ActiveCfg = Release|Any CPU
		{EC2B34C3-61CA-4466-8981-F356E0AA2F13}.Release|Any CPU.Build.0 = Release|Any CPU
	EndGlobalSection
	GlobalSection(SolutionProperties) = preSolution
		HideSolutionNode = FALSE
	EndGlobalSection
	GlobalSection(ExtensibilityGlobals) = postSolution
		SolutionGuid = {70A84145-5B67-41A3-AD6C-344DAE4301AA}
	EndGlobalSection
EndGlobal
